// !$*UTF8*$!
{
	archiveVersion = 1;
	classes = {
	};
	objectVersion = 46;
	objects = {

/* Begin PBXBuildFile section */
		8E5109B51B4B4A9800B78BF9 /* main.m in Sources */ = {isa = PBXBuildFile; fileRef = 8E5109B41B4B4A9800B78BF9 /* main.m */; };
		8E5109B81B4B4A9800B78BF9 /* AppDelegate.m in Sources */ = {isa = PBXBuildFile; fileRef = 8E5109B71B4B4A9800B78BF9 /* AppDelegate.m */; };
		8E5109BB1B4B4A9800B78BF9 /* seeme.xcdatamodeld in Sources */ = {isa = PBXBuildFile; fileRef = 8E5109B91B4B4A9800B78BF9 /* seeme.xcdatamodeld */; };
		8E5109BE1B4B4A9800B78BF9 /* ViewController.m in Sources */ = {isa = PBXBuildFile; fileRef = 8E5109BD1B4B4A9800B78BF9 /* ViewController.m */; };
		8E5109C11B4B4A9800B78BF9 /* Main.storyboard in Resources */ = {isa = PBXBuildFile; fileRef = 8E5109BF1B4B4A9800B78BF9 /* Main.storyboard */; };
		8E5109C31B4B4A9800B78BF9 /* Images.xcassets in Resources */ = {isa = PBXBuildFile; fileRef = 8E5109C21B4B4A9800B78BF9 /* Images.xcassets */; };
		8E5109C61B4B4A9800B78BF9 /* LaunchScreen.xib in Resources */ = {isa = PBXBuildFile; fileRef = 8E5109C41B4B4A9800B78BF9 /* LaunchScreen.xib */; };
		8E5109D21B4B4A9800B78BF9 /* seemeTests.m in Sources */ = {isa = PBXBuildFile; fileRef = 8E5109D11B4B4A9800B78BF9 /* seemeTests.m */; };
		8E55C1DD1B548056006F5DD7 /* FBSDKCoreKit.framework in Frameworks */ = {isa = PBXBuildFile; fileRef = 8E55C1DC1B548056006F5DD7 /* FBSDKCoreKit.framework */; };
		8E55C1DF1B5483F7006F5DD7 /* FBSDKShareKit.framework in Frameworks */ = {isa = PBXBuildFile; fileRef = 8E55C1DE1B5483F7006F5DD7 /* FBSDKShareKit.framework */; };
		8E55C1F11B55D256006F5DD7 /* SecondViewController.m in Sources */ = {isa = PBXBuildFile; fileRef = 8E55C1F01B55D256006F5DD7 /* SecondViewController.m */; };
/* End PBXBuildFile section */

/* Begin PBXContainerItemProxy section */
		8E5109CC1B4B4A9800B78BF9 /* PBXContainerItemProxy */ = {
			isa = PBXContainerItemProxy;
			containerPortal = 8E5109A71B4B4A9800B78BF9 /* Project object */;
			proxyType = 1;
			remoteGlobalIDString = 8E5109AE1B4B4A9800B78BF9;
			remoteInfo = seeme;
		};
/* End PBXContainerItemProxy section */

/* Begin PBXFileReference section */
		8E5109AF1B4B4A9800B78BF9 /* seeme.app */ = {isa = PBXFileReference; explicitFileType = wrapper.application; includeInIndex = 0; path = seeme.app; sourceTree = BUILT_PRODUCTS_DIR; };
		8E5109B31B4B4A9800B78BF9 /* Info.plist */ = {isa = PBXFileReference; lastKnownFileType = text.plist.xml; path = Info.plist; sourceTree = "<group>"; };
		8E5109B41B4B4A9800B78BF9 /* main.m */ = {isa = PBXFileReference; lastKnownFileType = sourcecode.c.objc; path = main.m; sourceTree = "<group>"; };
		8E5109B61B4B4A9800B78BF9 /* AppDelegate.h */ = {isa = PBXFileReference; lastKnownFileType = sourcecode.c.h; path = AppDelegate.h; sourceTree = "<group>"; };
		8E5109B71B4B4A9800B78BF9 /* AppDelegate.m */ = {isa = PBXFileReference; lastKnownFileType = sourcecode.c.objc; path = AppDelegate.m; sourceTree = "<group>"; };
		8E5109BA1B4B4A9800B78BF9 /* seeme.xcdatamodel */ = {isa = PBXFileReference; lastKnownFileType = wrapper.xcdatamodel; path = seeme.xcdatamodel; sourceTree = "<group>"; };
		8E5109BC1B4B4A9800B78BF9 /* ViewController.h */ = {isa = PBXFileReference; lastKnownFileType = sourcecode.c.h; path = ViewController.h; sourceTree = "<group>"; };
		8E5109BD1B4B4A9800B78BF9 /* ViewController.m */ = {isa = PBXFileReference; lastKnownFileType = sourcecode.c.objc; path = ViewController.m; sourceTree = "<group>"; };
		8E5109C01B4B4A9800B78BF9 /* Base */ = {isa = PBXFileReference; lastKnownFileType = file.storyboard; name = Base; path = Base.lproj/Main.storyboard; sourceTree = "<group>"; };
		8E5109C21B4B4A9800B78BF9 /* Images.xcassets */ = {isa = PBXFileReference; lastKnownFileType = folder.assetcatalog; path = Images.xcassets; sourceTree = "<group>"; };
		8E5109C51B4B4A9800B78BF9 /* Base */ = {isa = PBXFileReference; lastKnownFileType = file.xib; name = Base; path = Base.lproj/LaunchScreen.xib; sourceTree = "<group>"; };
		8E5109CB1B4B4A9800B78BF9 /* seemeTests.xctest */ = {isa = PBXFileReference; explicitFileType = wrapper.cfbundle; includeInIndex = 0; path = seemeTests.xctest; sourceTree = BUILT_PRODUCTS_DIR; };
		8E5109D01B4B4A9800B78BF9 /* Info.plist */ = {isa = PBXFileReference; lastKnownFileType = text.plist.xml; path = Info.plist; sourceTree = "<group>"; };
		8E5109D11B4B4A9800B78BF9 /* seemeTests.m */ = {isa = PBXFileReference; lastKnownFileType = sourcecode.c.objc; path = seemeTests.m; sourceTree = "<group>"; };
		8E55C1DC1B548056006F5DD7 /* FBSDKCoreKit.framework */ = {isa = PBXFileReference; lastKnownFileType = wrapper.framework; name = FBSDKCoreKit.framework; path = ../../../Documents/FacebookSDK/FBSDKCoreKit.framework; sourceTree = "<group>"; };
		8E55C1DE1B5483F7006F5DD7 /* FBSDKShareKit.framework */ = {isa = PBXFileReference; lastKnownFileType = wrapper.framework; name = FBSDKShareKit.framework; path = ../../../Documents/FacebookSDK/FBSDKShareKit.framework; sourceTree = "<group>"; };
		8E55C1EF1B55D256006F5DD7 /* SecondViewController.h */ = {isa = PBXFileReference; fileEncoding = 4; lastKnownFileType = sourcecode.c.h; path = SecondViewController.h; sourceTree = "<group>"; };
		8E55C1F01B55D256006F5DD7 /* SecondViewController.m */ = {isa = PBXFileReference; fileEncoding = 4; lastKnownFileType = sourcecode.c.objc; path = SecondViewController.m; sourceTree = "<group>"; };
/* End PBXFileReference section */

/* Begin PBXFrameworksBuildPhase section */
		8E5109AC1B4B4A9800B78BF9 /* Frameworks */ = {
			isa = PBXFrameworksBuildPhase;
			buildActionMask = 2147483647;
			files = (
				8E55C1DF1B5483F7006F5DD7 /* FBSDKShareKit.framework in Frameworks */,
				8E55C1DD1B548056006F5DD7 /* FBSDKCoreKit.framework in Frameworks */,
			);
			runOnlyForDeploymentPostprocessing = 0;
		};
		8E5109C81B4B4A9800B78BF9 /* Frameworks */ = {
			isa = PBXFrameworksBuildPhase;
			buildActionMask = 2147483647;
			files = (
			);
			runOnlyForDeploymentPostprocessing = 0;
		};
/* End PBXFrameworksBuildPhase section */

/* Begin PBXGroup section */
		8E5109A61B4B4A9800B78BF9 = {
			isa = PBXGroup;
			children = (
				8E5109B11B4B4A9800B78BF9 /* seeme */,
				8E5109CE1B4B4A9800B78BF9 /* seemeTests */,
				8E5109B01B4B4A9800B78BF9 /* Products */,
			);
			sourceTree = "<group>";
		};
		8E5109B01B4B4A9800B78BF9 /* Products */ = {
			isa = PBXGroup;
			children = (
				8E5109AF1B4B4A9800B78BF9 /* seeme.app */,
				8E5109CB1B4B4A9800B78BF9 /* seemeTests.xctest */,
			);
			name = Products;
			sourceTree = "<group>";
		};
		8E5109B11B4B4A9800B78BF9 /* seeme */ = {
			isa = PBXGroup;
			children = (
				8E55C1DE1B5483F7006F5DD7 /* FBSDKShareKit.framework */,
				8E5109B61B4B4A9800B78BF9 /* AppDelegate.h */,
				8E55C1DC1B548056006F5DD7 /* FBSDKCoreKit.framework */,
				8E5109B71B4B4A9800B78BF9 /* AppDelegate.m */,
				8E5109BC1B4B4A9800B78BF9 /* ViewController.h */,
				8E5109BD1B4B4A9800B78BF9 /* ViewController.m */,
				8E5109BF1B4B4A9800B78BF9 /* Main.storyboard */,
				8E55C1EF1B55D256006F5DD7 /* SecondViewController.h */,
				8E55C1F01B55D256006F5DD7 /* SecondViewController.m */,
				8E5109C21B4B4A9800B78BF9 /* Images.xcassets */,
				8E5109C41B4B4A9800B78BF9 /* LaunchScreen.xib */,
				8E5109B91B4B4A9800B78BF9 /* seeme.xcdatamodeld */,
				8E5109B21B4B4A9800B78BF9 /* Supporting Files */,
			);
			path = seeme;
			sourceTree = "<group>";
		};
		8E5109B21B4B4A9800B78BF9 /* Supporting Files */ = {
			isa = PBXGroup;
			children = (
				8E5109B31B4B4A9800B78BF9 /* Info.plist */,
				8E5109B41B4B4A9800B78BF9 /* main.m */,
			);
			name = "Supporting Files";
			sourceTree = "<group>";
		};
		8E5109CE1B4B4A9800B78BF9 /* seemeTests */ = {
			isa = PBXGroup;
			children = (
				8E5109D11B4B4A9800B78BF9 /* seemeTests.m */,
				8E5109CF1B4B4A9800B78BF9 /* Supporting Files */,
			);
			path = seemeTests;
			sourceTree = "<group>";
		};
		8E5109CF1B4B4A9800B78BF9 /* Supporting Files */ = {
			isa = PBXGroup;
			children = (
				8E5109D01B4B4A9800B78BF9 /* Info.plist */,
			);
			name = "Supporting Files";
			sourceTree = "<group>";
		};
/* End PBXGroup section */

/* Begin PBXNativeTarget section */
		8E5109AE1B4B4A9800B78BF9 /* seeme */ = {
			isa = PBXNativeTarget;
			buildConfigurationList = 8E5109D51B4B4A9800B78BF9 /* Build configuration list for PBXNativeTarget "seeme" */;
			buildPhases = (
				8E5109AB1B4B4A9800B78BF9 /* Sources */,
				8E5109AC1B4B4A9800B78BF9 /* Frameworks */,
				8E5109AD1B4B4A9800B78BF9 /* Resources */,
			);
			buildRules = (
			);
			dependencies = (
			);
			name = seeme;
			productName = seeme;
			productReference = 8E5109AF1B4B4A9800B78BF9 /* seeme.app */;
			productType = "com.apple.product-type.application";
		};
		8E5109CA1B4B4A9800B78BF9 /* seemeTests */ = {
			isa = PBXNativeTarget;
			buildConfigurationList = 8E5109D81B4B4A9800B78BF9 /* Build configuration list for PBXNativeTarget "seemeTests" */;
			buildPhases = (
				8E5109C71B4B4A9800B78BF9 /* Sources */,
				8E5109C81B4B4A9800B78BF9 /* Frameworks */,
				8E5109C91B4B4A9800B78BF9 /* Resources */,
			);
			buildRules = (
			);
			dependencies = (
				8E5109CD1B4B4A9800B78BF9 /* PBXTargetDependency */,
			);
			name = seemeTests;
			productName = seemeTests;
			productReference = 8E5109CB1B4B4A9800B78BF9 /* seemeTests.xctest */;
			productType = "com.apple.product-type.bundle.unit-test";
		};
/* End PBXNativeTarget section */

/* Begin PBXProject section */
		8E5109A71B4B4A9800B78BF9 /* Project object */ = {
			isa = PBXProject;
			attributes = {
				LastUpgradeCheck = 0630;
				ORGANIZATIONNAME = Spider;
				TargetAttributes = {
					8E5109AE1B4B4A9800B78BF9 = {
						CreatedOnToolsVersion = 6.3;
						DevelopmentTeam = L3G9LCNM63;
					};
					8E5109CA1B4B4A9800B78BF9 = {
						CreatedOnToolsVersion = 6.3;
						TestTargetID = 8E5109AE1B4B4A9800B78BF9;
					};
				};
			};
			buildConfigurationList = 8E5109AA1B4B4A9800B78BF9 /* Build configuration list for PBXProject "seeme" */;
			compatibilityVersion = "Xcode 3.2";
			developmentRegion = English;
			hasScannedForEncodings = 0;
			knownRegions = (
				en,
				Base,
			);
			mainGroup = 8E5109A61B4B4A9800B78BF9;
			productRefGroup = 8E5109B01B4B4A9800B78BF9 /* Products */;
			projectDirPath = "";
			projectRoot = "";
			targets = (
				8E5109AE1B4B4A9800B78BF9 /* seeme */,
				8E5109CA1B4B4A9800B78BF9 /* seemeTests */,
			);
		};
/* End PBXProject section */

/* Begin PBXResourcesBuildPhase section */
		8E5109AD1B4B4A9800B78BF9 /* Resources */ = {
			isa = PBXResourcesBuildPhase;
			buildActionMask = 2147483647;
			files = (
				8E5109C11B4B4A9800B78BF9 /* Main.storyboard in Resources */,
				8E5109C61B4B4A9800B78BF9 /* LaunchScreen.xib in Resources */,
				8E5109C31B4B4A9800B78BF9 /* Images.xcassets in Resources */,
			);
			runOnlyForDeploymentPostprocessing = 0;
		};
		8E5109C91B4B4A9800B78BF9 /* Resources */ = {
			isa = PBXResourcesBuildPhase;
			buildActionMask = 2147483647;
			files = (
			);
			runOnlyForDeploymentPostprocessing = 0;
		};
/* End PBXResourcesBuildPhase section */

/* Begin PBXSourcesBuildPhase section */
		8E5109AB1B4B4A9800B78BF9 /* Sources */ = {
			isa = PBXSourcesBuildPhase;
			buildActionMask = 2147483647;
			files = (
				8E55C1F11B55D256006F5DD7 /* SecondViewController.m in Sources */,
				8E5109B81B4B4A9800B78BF9 /* AppDelegate.m in Sources */,
				8E5109BB1B4B4A9800B78BF9 /* seeme.xcdatamodeld in Sources */,
				8E5109BE1B4B4A9800B78BF9 /* ViewController.m in Sources */,
				8E5109B51B4B4A9800B78BF9 /* main.m in Sources */,
			);
			runOnlyForDeploymentPostprocessing = 0;
		};
		8E5109C71B4B4A9800B78BF9 /* Sources */ = {
			isa = PBXSourcesBuildPhase;
			buildActionMask = 2147483647;
			files = (
				8E5109D21B4B4A9800B78BF9 /* seemeTests.m in Sources */,
			);
			runOnlyForDeploymentPostprocessing = 0;
		};
/* End PBXSourcesBuildPhase section */

/* Begin PBXTargetDependency section */
		8E5109CD1B4B4A9800B78BF9 /* PBXTargetDependency */ = {
			isa = PBXTargetDependency;
			target = 8E5109AE1B4B4A9800B78BF9 /* seeme */;
			targetProxy = 8E5109CC1B4B4A9800B78BF9 /* PBXContainerItemProxy */;
		};
/* End PBXTargetDependency section */

/* Begin PBXVariantGroup section */
		8E5109BF1B4B4A9800B78BF9 /* Main.storyboard */ = {
			isa = PBXVariantGroup;
			children = (
				8E5109C01B4B4A9800B78BF9 /* Base */,
			);
			name = Main.storyboard;
			sourceTree = "<group>";
		};
		8E5109C41B4B4A9800B78BF9 /* LaunchScreen.xib */ = {
			isa = PBXVariantGroup;
			children = (
				8E5109C51B4B4A9800B78BF9 /* Base */,
			);
			name = LaunchScreen.xib;
			sourceTree = "<group>";
		};
/* End PBXVariantGroup section */

/* Begin XCBuildConfiguration section */
		8E5109D31B4B4A9800B78BF9 /* Debug */ = {
			isa = XCBuildConfiguration;
			buildSettings = {
				ALWAYS_SEARCH_USER_PATHS = NO;
				CLANG_CXX_LANGUAGE_STANDARD = "gnu++0x";
				CLANG_CXX_LIBRARY = "libc++";
				CLANG_ENABLE_MODULES = YES;
				CLANG_ENABLE_OBJC_ARC = YES;
				CLANG_WARN_BOOL_CONVERSION = YES;
				CLANG_WARN_CONSTANT_CONVERSION = YES;
				CLANG_WARN_DIRECT_OBJC_ISA_USAGE = YES_ERROR;
				CLANG_WARN_EMPTY_BODY = YES;
				CLANG_WARN_ENUM_CONVERSION = YES;
				CLANG_WARN_INT_CONVERSION = YES;
				CLANG_WARN_OBJC_ROOT_CLASS = YES_ERROR;
				CLANG_WARN_UNREACHABLE_CODE = YES;
				CLANG_WARN__DUPLICATE_METHOD_MATCH = YES;
				"CODE_SIGN_IDENTITY[sdk=iphoneos*]" = "iPhone Developer";
				COPY_PHASE_STRIP = NO;
				DEBUG_INFORMATION_FORMAT = "dwarf-with-dsym";
				ENABLE_STRICT_OBJC_MSGSEND = YES;
				GCC_C_LANGUAGE_STANDARD = gnu99;
				GCC_DYNAMIC_NO_PIC = NO;
				GCC_NO_COMMON_BLOCKS = YES;
				GCC_OPTIMIZATION_LEVEL = 0;
				GCC_PREPROCESSOR_DEFINITIONS = (
					"DEBUG=1",
					"$(inherited)",
				);
				GCC_SYMBOLS_PRIVATE_EXTERN = NO;
				GCC_WARN_64_TO_32_BIT_CONVERSION = YES;
				GCC_WARN_ABOUT_RETURN_TYPE = YES_ERROR;
				GCC_WARN_UNDECLARED_SELECTOR = YES;
				GCC_WARN_UNINITIALIZED_AUTOS = YES_AGGRESSIVE;
				GCC_WARN_UNUSED_FUNCTION = YES;
				GCC_WARN_UNUSED_VARIABLE = YES;
				IPHONEOS_DEPLOYMENT_TARGET = 8.3;
				MTL_ENABLE_DEBUG_INFO = YES;
				ONLY_ACTIVE_ARCH = YES;
				SDKROOT = iphoneos;
			};
			name = Debug;
		};
		8E5109D41B4B4A9800B78BF9 /* Release */ = {
			isa = XCBuildConfiguration;
			buildSettings = {
				ALWAYS_SEARCH_USER_PATHS = NO;
				CLANG_CXX_LANGUAGE_STANDARD = "gnu++0x";
				CLANG_CXX_LIBRARY = "libc++";
				CLANG_ENABLE_MODULES = YES;
				CLANG_ENABLE_OBJC_ARC = YES;
				CLANG_WARN_BOOL_CONVERSION = YES;
				CLANG_WARN_CONSTANT_CONVERSION = YES;
				CLANG_WARN_DIRECT_OBJC_ISA_USAGE = YES_ERROR;
				CLANG_WARN_EMPTY_BODY = YES;
				CLANG_WARN_ENUM_CONVERSION = YES;
				CLANG_WARN_INT_CONVERSION = YES;
				CLANG_WARN_OBJC_ROOT_CLASS = YES_ERROR;
				CLANG_WARN_UNREACHABLE_CODE = YES;
				CLANG_WARN__DUPLICATE_METHOD_MATCH = YES;
				"CODE_SIGN_IDENTITY[sdk=iphoneos*]" = "iPhone Developer";
				COPY_PHASE_STRIP = NO;
				DEBUG_INFORMATION_FORMAT = "dwarf-with-dsym";
				ENABLE_NS_ASSERTIONS = NO;
				ENABLE_STRICT_OBJC_MSGSEND = YES;
				GCC_C_LANGUAGE_STANDARD = gnu99;
				GCC_NO_COMMON_BLOCKS = YES;
				GCC_WARN_64_TO_32_BIT_CONVERSION = YES;
				GCC_WARN_ABOUT_RETURN_TYPE = YES_ERROR;
				GCC_WARN_UNDECLARED_SELECTOR = YES;
				GCC_WARN_UNINITIALIZED_AUTOS = YES_AGGRESSIVE;
				GCC_WARN_UNUSED_FUNCTION = YES;
				GCC_WARN_UNUSED_VARIABLE = YES;
				IPHONEOS_DEPLOYMENT_TARGET = 8.3;
				MTL_ENABLE_DEBUG_INFO = NO;
				SDKROOT = iphoneos;
				VALIDATE_PRODUCT = YES;
			};
			name = Release;
		};
		8E5109D61B4B4A9800B78BF9 /* Debug */ = {
			isa = XCBuildConfiguration;
			buildSettings = {
				ASSETCATALOG_COMPILER_APPICON_NAME = AppIcon;
				CODE_SIGN_IDENTITY = "iPhone Developer";
				"CODE_SIGN_IDENTITY[sdk=iphoneos*]" = "iPhone Developer";
				FRAMEWORK_SEARCH_PATHS = (
					"$(inherited)",
					/Users/alexandercruz/Documents/FacebookSDK,
				);
				INFOPLIST_FILE = seeme/Info.plist;
				LD_RUNPATH_SEARCH_PATHS = "$(inherited) @executable_path/Frameworks";
				PRODUCT_NAME = "$(TARGET_NAME)";
				PROVISIONING_PROFILE = "";
			};
			name = Debug;
		};
		8E5109D71B4B4A9800B78BF9 /* Release */ = {
			isa = XCBuildConfiguration;
			buildSettings = {
				ASSETCATALOG_COMPILER_APPICON_NAME = AppIcon;
				CODE_SIGN_IDENTITY = "iPhone Developer";
				"CODE_SIGN_IDENTITY[sdk=iphoneos*]" = "iPhone Developer";
				FRAMEWORK_SEARCH_PATHS = (
					"$(inherited)",
					/Users/alexandercruz/Documents/FacebookSDK,
				);
				INFOPLIST_FILE = seeme/Info.plist;
				LD_RUNPATH_SEARCH_PATHS = "$(inherited) @executable_path/Frameworks";
				PRODUCT_NAME = "$(TARGET_NAME)";
				PROVISIONING_PROFILE = "";
			};
			name = Release;
		};
		8E5109D91B4B4A9800B78BF9 /* Debug */ = {
			isa = XCBuildConfiguration;
			buildSettings = {
				BUNDLE_LOADER = "$(TEST_HOST)";
				FRAMEWORK_SEARCH_PATHS = (
					"$(SDKROOT)/Developer/Library/Frameworks",
					"$(inherited)",
				);
				GCC_PREPROCESSOR_DEFINITIONS = (
					"DEBUG=1",
					"$(inherited)",
				);
				INFOPLIST_FILE = seemeTests/Info.plist;
				LD_RUNPATH_SEARCH_PATHS = "$(inherited) @executable_path/Frameworks @loader_path/Frameworks";
				PRODUCT_NAME = "$(TARGET_NAME)";
				TEST_HOST = "$(BUILT_PRODUCTS_DIR)/seeme.app/seeme";
			};
			name = Debug;
		};
		8E5109DA1B4B4A9800B78BF9 /* Release */ = {
			isa = XCBuildConfiguration;
			buildSettings = {
				BUNDLE_LOADER = "$(TEST_HOST)";
				FRAMEWORK_SEARCH_PATHS = (
					"$(SDKROOT)/Developer/Library/Frameworks",
					"$(inherited)",
				);
				INFOPLIST_FILE = seemeTests/Info.plist;
				LD_RUNPATH_SEARCH_PATHS = "$(inherited) @executable_path/Frameworks @loader_path/Frameworks";
				PRODUCT_NAME = "$(TARGET_NAME)";
				TEST_HOST = "$(BUILT_PRODUCTS_DIR)/seeme.app/seeme";
			};
			name = Release;
		};
/* End XCBuildConfiguration section */

/* Begin XCConfigurationList section */
		8E5109AA1B4B4A9800B78BF9 /* Build configuration list for PBXProject "seeme" */ = {
			isa = XCConfigurationList;
			buildConfigurations = (
				8E5109D31B4B4A9800B78BF9 /* Debug */,
				8E5109D41B4B4A9800B78BF9 /* Release */,
			);
			defaultConfigurationIsVisible = 0;
			defaultConfigurationName = Release;
		};
		8E5109D51B4B4A9800B78BF9 /* Build configuration list for PBXNativeTarget "seeme" */ = {
			isa = XCConfigurationList;
			buildConfigurations = (
				8E5109D61B4B4A9800B78BF9 /* Debug */,
				8E5109D71B4B4A9800B78BF9 /* Release */,
			);
			defaultConfigurationIsVisible = 0;
			defaultConfigurationName = Release;
		};
		8E5109D81B4B4A9800B78BF9 /* Build configuration list for PBXNativeTarget "seemeTests" */ = {
			isa = XCConfigurationList;
			buildConfigurations = (
				8E5109D91B4B4A9800B78BF9 /* Debug */,
				8E5109DA1B4B4A9800B78BF9 /* Release */,
			);
			defaultConfigurationIsVisible = 0;
			defaultConfigurationName = Release;
		};
/* End XCConfigurationList section */

/* Begin XCVersionGroup section */
		8E5109B91B4B4A9800B78BF9 /* seeme.xcdatamodeld */ = {
			isa = XCVersionGroup;
			children = (
				8E5109BA1B4B4A9800B78BF9 /* seeme.xcdatamodel */,
			);
			currentVersion = 8E5109BA1B4B4A9800B78BF9 /* seeme.xcdatamodel */;
			path = seeme.xcdatamodeld;
			sourceTree = "<group>";
			versionGroupType = wrapper.xcdatamodel;
		};
/* End XCVersionGroup section */
	};
	rootObject = 8E5109A71B4B4A9800B78BF9 /* Project object */;
}
